
Microsoft Visual Studio Solution File, Format Version 12.00
# Visual Studio 2013
VisualStudioVersion = 12.0.31101.0
MinimumVisualStudioVersion = 10.0.40219.1
Project("{FAE04EC0-301F-11D3-BF4B-00C04F79EFBC}") = "IntranetGaming", "IntranetGaming\IntranetGaming.csproj", "{75340D00-1CFC-4D32-8C74-5DF9F770FE38}"
EndProject
Project("{FAE04EC0-301F-11D3-BF4B-00C04F79EFBC}") = "Contract", "Contract\Contract.csproj", "{E5679DF4-6697-45A3-8DF3-153EC14CA87D}"
EndProject
Project("{FAE04EC0-301F-11D3-BF4B-00C04F79EFBC}") = "Contract.Test", "Contract.Test\Contract.Test.csproj", "{CEBFD589-549A-4B99-8CCB-F70C9E47BD34}"
EndProject
Project("{FAE04EC0-301F-11D3-BF4B-00C04F79EFBC}") = "IntranetGaming.Test", "IntranetGaming.Test\IntranetGaming.Test.csproj", "{51B47C61-C67C-4BF6-AC69-F5FEA6A393BB}"
EndProject
Global
	GlobalSection(SolutionConfigurationPlatforms) = preSolution
		Debug|Any CPU = Debug|Any CPU
		Release|Any CPU = Release|Any CPU
	EndGlobalSection
	GlobalSection(ProjectConfigurationPlatforms) = postSolution
		{75340D00-1CFC-4D32-8C74-5DF9F770FE38}.Debug|Any CPU.ActiveCfg = Debug|Any CPU
		{75340D00-1CFC-4D32-8C74-5DF9F770FE38}.Debug|Any CPU.Build.0 = Debug|Any CPU
		{75340D00-1CFC-4D32-8C74-5DF9F770FE38}.Release|Any CPU.ActiveCfg = Release|Any CPU
		{75340D00-1CFC-4D32-8C74-5DF9F770FE38}.Release|Any CPU.Build.0 = Release|Any CPU
		{E5679DF4-6697-45A3-8DF3-153EC14CA87D}.Debug|Any CPU.ActiveCfg = Debug|Any CPU
		{E5679DF4-6697-45A3-8DF3-153EC14CA87D}.Debug|Any CPU.Build.0 = Debug|Any CPU
		{E5679DF4-6697-45A3-8DF3-153EC14CA87D}.Release|Any CPU.ActiveCfg = Release|Any CPU
		{E5679DF4-6697-45A3-8DF3-153EC14CA87D}.Release|Any CPU.Build.0 = Release|Any CPU
		{CEBFD589-549A-4B99-8CCB-F70C9E47BD34}.Debug|Any CPU.ActiveCfg = Debug|Any CPU
		{CEBFD589-549A-4B99-8CCB-F70C9E47BD34}.Debug|Any CPU.Build.0 = Debug|Any CPU
		{CEBFD589-549A-4B99-8CCB-F70C9E47BD34}.Release|Any CPU.ActiveCfg = Release|Any CPU
		{CEBFD589-549A-4B99-8CCB-F70C9E47BD34}.Release|Any CPU.Build.0 = Release|Any CPU
		{51B47C61-C67C-4BF6-AC69-F5FEA6A393BB}.Debug|Any CPU.ActiveCfg = Debug|Any CPU
		{51B47C61-C67C-4BF6-AC69-F5FEA6A393BB}.Debug|Any CPU.Build.0 = Debug|Any CPU
		{51B47C61-C67C-4BF6-AC69-F5FEA6A393BB}.Release|Any CPU.ActiveCfg = Release|Any CPU
		{51B47C61-C67C-4BF6-AC69-F5FEA6A393BB}.Release|Any CPU.Build.0 = Release|Any CPU
	EndGlobalSection
	GlobalSection(SolutionProperties) = preSolution
		HideSolutionNode = FALSE
	EndGlobalSection
EndGlobal
